
Microsoft Visual Studio Solution File, Format Version 12.00
# Visual Studio 14
VisualStudioVersion = 14.0.25420.1
MinimumVisualStudioVersion = 10.0.40219.1
Project("{FAE04EC0-301F-11D3-BF4B-00C04F79EFBC}") = "DA.UI", "DA.UI\DA.UI.csproj", "{D8295BB0-D172-4474-98A0-D3C2BE867E13}"
EndProject
Project("{FAE04EC0-301F-11D3-BF4B-00C04F79EFBC}") = "DA.Common", "DA.Common\DA.Common.csproj", "{2024C190-75A7-4445-B680-B78C32F67007}"
EndProject
Project("{FAE04EC0-301F-11D3-BF4B-00C04F79EFBC}") = "DA.WebApi", "DA.WebApi\DA.WebApi.csproj", "{A43386FB-40D2-4A04-A73F-5F476B59D21E}"
EndProject
Project("{2150E333-8FDC-42A3-9474-1A3956D46DE8}") = "Data", "Data", "{70B015A5-F89C-4224-96B7-3262E0C43796}"
EndProject
Project("{FAE04EC0-301F-11D3-BF4B-00C04F79EFBC}") = "DA.Model", "DA.Model\DA.Model.csproj", "{5DA36AB0-4245-4231-9830-A05CE0464A83}"
EndProject
Project("{FAE04EC0-301F-11D3-BF4B-00C04F79EFBC}") = "DA.Data", "DA.Data\DA.Data.csproj", "{01ED4097-B250-4368-8421-071B10462AEA}"
EndProject
Project("{FAE04EC0-301F-11D3-BF4B-00C04F79EFBC}") = "DA.Contracts", "DA.Contracts\DA.Contracts.csproj", "{7193532A-9B8D-45C8-9DD1-32213A09FEEB}"
EndProject
Global
	GlobalSection(SolutionConfigurationPlatforms) = preSolution
		Ahsan|Any CPU = Ahsan|Any CPU
		Debug|Any CPU = Debug|Any CPU
		Release|Any CPU = Release|Any CPU
	EndGlobalSection
	GlobalSection(ProjectConfigurationPlatforms) = postSolution
		{D8295BB0-D172-4474-98A0-D3C2BE867E13}.Ahsan|Any CPU.ActiveCfg = Ahsan|Any CPU
		{D8295BB0-D172-4474-98A0-D3C2BE867E13}.Ahsan|Any CPU.Build.0 = Ahsan|Any CPU
		{D8295BB0-D172-4474-98A0-D3C2BE867E13}.Debug|Any CPU.ActiveCfg = Debug|Any CPU
		{D8295BB0-D172-4474-98A0-D3C2BE867E13}.Debug|Any CPU.Build.0 = Debug|Any CPU
		{D8295BB0-D172-4474-98A0-D3C2BE867E13}.Release|Any CPU.ActiveCfg = Release|Any CPU
		{D8295BB0-D172-4474-98A0-D3C2BE867E13}.Release|Any CPU.Build.0 = Release|Any CPU
		{2024C190-75A7-4445-B680-B78C32F67007}.Ahsan|Any CPU.ActiveCfg = Ahsan|Any CPU
		{2024C190-75A7-4445-B680-B78C32F67007}.Ahsan|Any CPU.Build.0 = Ahsan|Any CPU
		{2024C190-75A7-4445-B680-B78C32F67007}.Debug|Any CPU.ActiveCfg = Debug|Any CPU
		{2024C190-75A7-4445-B680-B78C32F67007}.Debug|Any CPU.Build.0 = Debug|Any CPU
		{2024C190-75A7-4445-B680-B78C32F67007}.Release|Any CPU.ActiveCfg = Release|Any CPU
		{2024C190-75A7-4445-B680-B78C32F67007}.Release|Any CPU.Build.0 = Release|Any CPU
		{A43386FB-40D2-4A04-A73F-5F476B59D21E}.Ahsan|Any CPU.ActiveCfg = Ahsan|Any CPU
		{A43386FB-40D2-4A04-A73F-5F476B59D21E}.Ahsan|Any CPU.Build.0 = Ahsan|Any CPU
		{A43386FB-40D2-4A04-A73F-5F476B59D21E}.Debug|Any CPU.ActiveCfg = Debug|Any CPU
		{A43386FB-40D2-4A04-A73F-5F476B59D21E}.Debug|Any CPU.Build.0 = Debug|Any CPU
		{A43386FB-40D2-4A04-A73F-5F476B59D21E}.Release|Any CPU.ActiveCfg = Release|Any CPU
		{A43386FB-40D2-4A04-A73F-5F476B59D21E}.Release|Any CPU.Build.0 = Release|Any CPU
		{5DA36AB0-4245-4231-9830-A05CE0464A83}.Ahsan|Any CPU.ActiveCfg = Ahsan|Any CPU
		{5DA36AB0-4245-4231-9830-A05CE0464A83}.Ahsan|Any CPU.Build.0 = Ahsan|Any CPU
		{5DA36AB0-4245-4231-9830-A05CE0464A83}.Debug|Any CPU.ActiveCfg = Debug|Any CPU
		{5DA36AB0-4245-4231-9830-A05CE0464A83}.Debug|Any CPU.Build.0 = Debug|Any CPU
		{5DA36AB0-4245-4231-9830-A05CE0464A83}.Release|Any CPU.ActiveCfg = Release|Any CPU
		{5DA36AB0-4245-4231-9830-A05CE0464A83}.Release|Any CPU.Build.0 = Release|Any CPU
		{01ED4097-B250-4368-8421-071B10462AEA}.Ahsan|Any CPU.ActiveCfg = Ahsan|Any CPU
		{01ED4097-B250-4368-8421-071B10462AEA}.Ahsan|Any CPU.Build.0 = Ahsan|Any CPU
		{01ED4097-B250-4368-8421-071B10462AEA}.Debug|Any CPU.ActiveCfg = Debug|Any CPU
		{01ED4097-B250-4368-8421-071B10462AEA}.Debug|Any CPU.Build.0 = Debug|Any CPU
		{01ED4097-B250-4368-8421-071B10462AEA}.Release|Any CPU.ActiveCfg = Release|Any CPU
		{01ED4097-B250-4368-8421-071B10462AEA}.Release|Any CPU.Build.0 = Release|Any CPU
		{7193532A-9B8D-45C8-9DD1-32213A09FEEB}.Ahsan|Any CPU.ActiveCfg = Ahsan|Any CPU
		{7193532A-9B8D-45C8-9DD1-32213A09FEEB}.Ahsan|Any CPU.Build.0 = Ahsan|Any CPU
		{7193532A-9B8D-45C8-9DD1-32213A09FEEB}.Debug|Any CPU.ActiveCfg = Debug|Any CPU
		{7193532A-9B8D-45C8-9DD1-32213A09FEEB}.Debug|Any CPU.Build.0 = Debug|Any CPU
		{7193532A-9B8D-45C8-9DD1-32213A09FEEB}.Release|Any CPU.ActiveCfg = Release|Any CPU
		{7193532A-9B8D-45C8-9DD1-32213A09FEEB}.Release|Any CPU.Build.0 = Release|Any CPU
	EndGlobalSection
	GlobalSection(SolutionProperties) = preSolution
		HideSolutionNode = FALSE
	EndGlobalSection
	GlobalSection(NestedProjects) = preSolution
		{2024C190-75A7-4445-B680-B78C32F67007} = {70B015A5-F89C-4224-96B7-3262E0C43796}
		{5DA36AB0-4245-4231-9830-A05CE0464A83} = {70B015A5-F89C-4224-96B7-3262E0C43796}
		{01ED4097-B250-4368-8421-071B10462AEA} = {70B015A5-F89C-4224-96B7-3262E0C43796}
		{7193532A-9B8D-45C8-9DD1-32213A09FEEB} = {70B015A5-F89C-4224-96B7-3262E0C43796}
	EndGlobalSection
EndGlobal
